# This file is automatically @generated by Cargo.
# It is not intended for manual editing.
[[package]]
name = "backtrace"
version = "0.3.46"
source = "registry+https://github.com/rust-lang/crates.io-index"
checksum = "b1e692897359247cc6bb902933361652380af0f1b7651ae5c5013407f30e109e"
dependencies = [
 "backtrace-sys",
 "cfg-if",
 "libc",
 "rustc-demangle",
]

[[package]]
name = "backtrace-sys"
version = "0.1.36"
source = "registry+https://github.com/rust-lang/crates.io-index"
checksum = "78848718ee1255a2485d1309ad9cdecfc2e7d0362dd11c6829364c6b35ae1bc7"
dependencies = [
 "cc",
 "libc",
]

[[package]]
name = "cc"
version = "1.0.52"
source = "registry+https://github.com/rust-lang/crates.io-index"
checksum = "c3d87b23d6a92cd03af510a5ade527033f6aa6fa92161e2d5863a907d4c5e31d"

[[package]]
name = "cfg-if"
version = "0.1.10"
source = "registry+https://github.com/rust-lang/crates.io-index"
checksum = "4785bdd1c96b2a846b2bd7cc02e86b6b3dbf14e7e53446c4f54c92a361040822"

[[package]]
name = "debug-here"
version = "0.2.2"
source = "registry+https://github.com/rust-lang/crates.io-index"
checksum = "1d7791f83f55f330aa6406d71cc29d6d785ea1e2cf326001d7b2b45a5065efb1"
dependencies = [
 "lazy_static",
 "which",
 "winapi",
]

[[package]]
name = "dprint-core"
version = "0.21.0"
source = "registry+https://github.com/rust-lang/crates.io-index"
checksum = "9af3a227d18ba1d53ae7518b339857fb97671c06da411442bf019fb0b6921f10"
dependencies = [
 "serde",
]

[[package]]
name = "dprint-development"
version = "0.2.0"
source = "registry+https://github.com/rust-lang/crates.io-index"
checksum = "a675a6179ce1c26aa3a0892dfa21c27775680c32f6e32f817f750b78ddb8e671"
dependencies = [
 "dprint-core",
]

[[package]]
name = "dprint-plugin-jsonc"
version = "0.4.0"
dependencies = [
 "debug-here",
 "dprint-core",
 "dprint-development",
 "jsonc-parser",
 "serde",
 "serde_json",
]

[[package]]
name = "failure"
version = "0.1.7"
source = "registry+https://github.com/rust-lang/crates.io-index"
checksum = "b8529c2421efa3066a5cbd8063d2244603824daccb6936b079010bb2aa89464b"
dependencies = [
 "backtrace",
]

[[package]]
name = "itoa"
version = "0.4.5"
source = "registry+https://github.com/rust-lang/crates.io-index"
checksum = "b8b7a7c0c47db5545ed3fef7468ee7bb5b74691498139e4b3f6a20685dc6dd8e"

[[package]]
name = "jsonc-parser"
version = "0.12.1"
source = "registry+https://github.com/rust-lang/crates.io-index"
checksum = "793282be8bf32d41acf0aa97a0246e712d0ec9be89b30286ae1e709544db35c6"

[[package]]
name = "lazy_static"
version = "1.4.0"
source = "registry+https://github.com/rust-lang/crates.io-index"
checksum = "e2abad23fbc42b3700f2f279844dc832adb2b2eb069b2df918f455c4e18cc646"

[[package]]
name = "libc"
version = "0.2.69"
source = "registry+https://github.com/rust-lang/crates.io-index"
checksum = "99e85c08494b21a9054e7fe1374a732aeadaff3980b6990b94bfd3a70f690005"

[[package]]
name = "proc-macro2"
version = "1.0.10"
source = "registry+https://github.com/rust-lang/crates.io-index"
checksum = "df246d292ff63439fea9bc8c0a270bed0e390d5ebd4db4ba15aba81111b5abe3"
dependencies = [
 "unicode-xid",
]

[[package]]
name = "quote"
version = "1.0.3"
source = "registry+https://github.com/rust-lang/crates.io-index"
checksum = "2bdc6c187c65bca4260c9011c9e3132efe4909da44726bad24cf7572ae338d7f"
dependencies = [
 "proc-macro2",
]

[[package]]
name = "rustc-demangle"
version = "0.1.16"
source = "registry+https://github.com/rust-lang/crates.io-index"
checksum = "4c691c0e608126e00913e33f0ccf3727d5fc84573623b8d65b2df340b5201783"

[[package]]
name = "ryu"
version = "1.0.4"
source = "registry+https://github.com/rust-lang/crates.io-index"
checksum = "ed3d612bc64430efeb3f7ee6ef26d590dce0c43249217bddc62112540c7941e1"

[[package]]
name = "serde"
version = "1.0.106"
source = "registry+https://github.com/rust-lang/crates.io-index"
checksum = "36df6ac6412072f67cf767ebbde4133a5b2e88e76dc6187fa7104cd16f783399"
dependencies = [
 "serde_derive",
]

[[package]]
name = "serde_derive"
version = "1.0.106"
source = "registry+https://github.com/rust-lang/crates.io-index"
checksum = "9e549e3abf4fb8621bd1609f11dfc9f5e50320802273b12f3811a67e6716ea6c"
dependencies = [
 "proc-macro2",
 "quote",
 "syn",
]

[[package]]
name = "serde_json"
version = "1.0.51"
source = "registry+https://github.com/rust-lang/crates.io-index"
checksum = "da07b57ee2623368351e9a0488bb0b261322a15a6e0ae53e243cbdc0f4208da9"
dependencies = [
 "itoa",
 "ryu",
 "serde",
]

[[package]]
name = "syn"
version = "1.0.18"
source = "registry+https://github.com/rust-lang/crates.io-index"
checksum = "410a7488c0a728c7ceb4ad59b9567eb4053d02e8cc7f5c0e0eeeb39518369213"
dependencies = [
 "proc-macro2",
 "quote",
 "unicode-xid",
]

[[package]]
name = "unicode-xid"
version = "0.2.0"
source = "registry+https://github.com/rust-lang/crates.io-index"
checksum = "826e7639553986605ec5979c7dd957c7895e93eabed50ab2ffa7f6128a75097c"

[[package]]
name = "which"
version = "2.0.1"
source = "registry+https://github.com/rust-lang/crates.io-index"
checksum = "b57acb10231b9493c8472b20cb57317d0679a49e0bdbee44b3b803a6473af164"
dependencies = [
 "failure",
 "libc",
]

[[package]]
name = "winapi"
version = "0.3.8"
source = "registry+https://github.com/rust-lang/crates.io-index"
checksum = "8093091eeb260906a183e6ae1abdba2ef5ef2257a21801128899c3fc699229c6"
dependencies = [
 "winapi-i686-pc-windows-gnu",
 "winapi-x86_64-pc-windows-gnu",
]

[[package]]
name = "winapi-i686-pc-windows-gnu"
version = "0.4.0"
source = "registry+https://github.com/rust-lang/crates.io-index"
checksum = "ac3b87c63620426dd9b991e5ce0329eff545bccbbb34f3be09ff6fb6ab51b7b6"

[[package]]
name = "winapi-x86_64-pc-windows-gnu"
version = "0.4.0"
source = "registry+https://github.com/rust-lang/crates.io-index"
checksum = "712e227841d057c1ee1cd2fb22fa7e5a5461ae8e48fa2ca79ec42cfc1931183f"
